<?xml version="1.0" encoding="utf-8"?>
<Project ToolsVersion="4.0" xmlns="http://schemas.microsoft.com/developer/msbuild/2003">
  <ItemGroup>
    <Filter Include="Source Files">
      <UniqueIdentifier>{4FC737F1-C7A5-4376-A066-2A32D752A2FF}</UniqueIdentifier>
      <Extensions>cpp;c;cc;cxx;def;odl;idl;hpj;bat;asm;asmx</Extensions>
    </Filter>
    <Filter Include="Header Files">
      <UniqueIdentifier>{93995380-89BD-4b04-88EB-625FBE52EBFB}</UniqueIdentifier>
      <Extensions>h;hh;hpp;hxx;hm;inl;inc;xsd</Extensions>
    </Filter>
    <Filter Include="Resource Files">
      <UniqueIdentifier>{67DA6AB6-F800-4c08-8B7A-83BB121AAD01}</UniqueIdentifier>
      <Extensions>rc;ico;cur;bmp;dlg;rc2;rct;bin;rgs;gif;jpg;jpeg;jpe;resx;tiff;tif;png;wav;mfcribbon-ms</Extensions>
    </Filter>
  </ItemGroup>
  <ItemGroup>
    <ClCompile Include="main.cpp">
      <Filter>Source Files</Filter>
    </ClCompile>
    <ClCompile Include="Day6.cpp">
      <Filter>Source Files</Filter>
    </ClCompile>
    <ClCompile Include="Day7.cpp">
      <Filter>Source Files</Filter>
    </ClCompile>
    <ClCompile Include="Day8.cpp">
      <Filter>Source Files</Filter>
    </ClCompile>
    <ClCompile Include="Day9.cpp">
      <Filter>Source Files</Filter>
    </ClCompile>
    <ClCompile Include="Day10.cpp">
      <Filter>Source Files</Filter>
    </ClCompile>
    <ClCompile Include="Day11.cpp">
      <Filter>Source Files</Filter>
    </ClCompile>
    <ClCompile Include="Day12.cpp">
      <Filter>Source Files</Filter>
    </ClCompile>
    <ClCompile Include="Day13.cpp">
      <Filter>Source Files</Filter>
    </ClCompile>
    <ClCompile Include="Day14.cpp">
      <Filter>Source Files</Filter>
    </ClCompile>
    <ClCompile Include="Day15.cpp">
      <Filter>Source Files</Filter>
    </ClCompile>
    <ClCompile Include="Day16.cpp">
      <Filter>Source Files</Filter>
    </ClCompile>
    <ClCompile Include="Day17.cpp">
      <Filter>Source Files</Filter>
    </ClCompile>
    <ClCompile Include="Day18.cpp">
      <Filter>Source Files</Filter>
    </ClCompile>
    <ClCompile Include="Day19.cpp">
      <Filter>Source Files</Filter>
    </ClCompile>
    <ClCompile Include="Day20.cpp">
      <Filter>Source Files</Filter>
    </ClCompile>
    <ClCompile Include="Day21.cpp">
      <Filter>Source Files</Filter>
    </ClCompile>
    <ClCompile Include="Day22.cpp">
      <Filter>Source Files</Filter>
    </ClCompile>
    <ClCompile Include="Day23.cpp">
      <Filter>Source Files</Filter>
    </ClCompile>
    <ClCompile Include="Day24.cpp">
      <Filter>Source Files</Filter>
    </ClCompile>
    <ClCompile Include="Day25.cpp">
      <Filter>Source Files</Filter>
    </ClCompile>
    <ClCompile Include="Day26.cpp">
      <Filter>Source Files</Filter>
    </ClCompile>
    <ClCompile Include="Day27.cpp">
      <Filter>Source Files</Filter>
    </ClCompile>
    <ClCompile Include="Day28.cpp">
      <Filter>Source Files</Filter>
    </ClCompile>
    <ClCompile Include="Day29.cpp">
      <Filter>Source Files</Filter>
    </ClCompile>
    <ClCompile Include="Day30.cpp">
      <Filter>Source Files</Filter>
    </ClCompile>
  </ItemGroup>
  <ItemGroup>
    <ClInclude Include="Day6.h">
      <Filter>Header Files</Filter>
    </ClInclude>
    <ClInclude Include="Day7.h">
      <Filter>Header Files</Filter>
    </ClInclude>
    <ClInclude Include="Day8.h">
      <Filter>Header Files</Filter>
    </ClInclude>
    <ClInclude Include="Day9.h">
      <Filter>Header Files</Filter>
    </ClInclude>
    <ClInclude Include="Day10.h">
      <Filter>Header Files</Filter>
    </ClInclude>
    <ClInclude Include="Day11.h">
      <Filter>Header Files</Filter>
    </ClInclude>
    <ClInclude Include="Day12.h">
      <Filter>Header Files</Filter>
    </ClInclude>
    <ClInclude Include="Day13.h">
      <Filter>Header Files</Filter>
    </ClInclude>
    <ClInclude Include="Day14.h">
      <Filter>Header Files</Filter>
    </ClInclude>
    <ClInclude Include="Day15.h">
      <Filter>Header Files</Filter>
    </ClInclude>
    <ClInclude Include="Day16.h">
      <Filter>Header Files</Filter>
    </ClInclude>
    <ClInclude Include="Day17.h">
      <Filter>Header Files</Filter>
    </ClInclude>
    <ClInclude Include="Day18.h">
      <Filter>Header Files</Filter>
    </ClInclude>
    <ClInclude Include="Day19.h">
      <Filter>Header Files</Filter>
    </ClInclude>
    <ClInclude Include="Day20.h">
      <Filter>Header Files</Filter>
    </ClInclude>
    <ClInclude Include="Day21.h">
      <Filter>Header Files</Filter>
    </ClInclude>
    <ClInclude Include="Day22.h">
      <Filter>Header Files</Filter>
    </ClInclude>
    <ClInclude Include="Day23.h">
      <Filter>Header Files</Filter>
    </ClInclude>
    <ClInclude Include="Day24.h">
      <Filter>Header Files</Filter>
    </ClInclude>
    <ClInclude Include="Day25.h">
      <Filter>Header Files</Filter>
    </ClInclude>
    <ClInclude Include="Day26.h">
      <Filter>Header Files</Filter>
    </ClInclude>
    <ClInclude Include="Day27.h">
      <Filter>Header Files</Filter>
    </ClInclude>
    <ClInclude Include="Day28.h">
      <Filter>Header Files</Filter>
    </ClInclude>
    <ClInclude Include="Day29.h">
      <Filter>Header Files</Filter>
    </ClInclude>
    <ClInclude Include="Day30.h">
      <Filter>Header Files</Filter>
    </ClInclude>
    <ClInclude Include="30DayChallenge.h">
      <Filter>Header Files</Filter>
    </ClInclude>
  </ItemGroup>
</Project>